<?xml version="1.0" encoding="utf-8"?>
<Project ToolsVersion="4.0" xmlns="http://schemas.microsoft.com/developer/msbuild/2003">
  <ItemGroup>
    <Filter Include="Source Files">
      <UniqueIdentifier>{4FC737F1-C7A5-4376-A066-2A32D752A2FF}</UniqueIdentifier>
      <Extensions>cpp;c;cc;cxx;c++;def;odl;idl;hpj;bat;asm;asmx</Extensions>
    </Filter>
    <Filter Include="Header Files">
      <UniqueIdentifier>{93995380-89BD-4b04-88EB-625FBE52EBFB}</UniqueIdentifier>
      <Extensions>h;hh;hpp;hxx;h++;hm;inl;inc;ipp;xsd</Extensions>
    </Filter>
    <Filter Include="Resource Files">
      <UniqueIdentifier>{67DA6AB6-F800-4c08-8B7A-83BB121AAD01}</UniqueIdentifier>
      <Extensions>rc;ico;cur;bmp;dlg;rc2;rct;bin;rgs;gif;jpg;jpeg;jpe;resx;tiff;tif;png;wav;mfcribbon-ms</Extensions>
    </Filter>
  </ItemGroup>
  <ItemGroup>
    <ClInclude Include="framework.h">
      <Filter>Header Files</Filter>
    </ClInclude>
    <ClInclude Include="pch.h">
      <Filter>Header Files</Filter>
    </ClInclude>
    <ClInclude Include="preflate.h">
      <Filter>Header Files</Filter>
    </ClInclude>
    <ClInclude Include="preflate_block_decoder.h">
      <Filter>Header Files</Filter>
    </ClInclude>
    <ClInclude Include="preflate_block_reencoder.h">
      <Filter>Header Files</Filter>
    </ClInclude>
    <ClInclude Include="preflate_block_trees.h">
      <Filter>Header Files</Filter>
    </ClInclude>
    <ClInclude Include="preflate_checker.h">
      <Filter>Header Files</Filter>
    </ClInclude>
    <ClInclude Include="preflate_complevel_estimator.h">
      <Filter>Header Files</Filter>
    </ClInclude>
    <ClInclude Include="preflate_constants.h">
      <Filter>Header Files</Filter>
    </ClInclude>
    <ClInclude Include="preflate_decoder.h">
      <Filter>Header Files</Filter>
    </ClInclude>
    <ClInclude Include="preflate_hash_chain.h">
      <Filter>Header Files</Filter>
    </ClInclude>
    <ClInclude Include="preflate_info.h">
      <Filter>Header Files</Filter>
    </ClInclude>
    <ClInclude Include="preflate_input.h">
      <Filter>Header Files</Filter>
    </ClInclude>
    <ClInclude Include="preflate_parameter_estimator.h">
      <Filter>Header Files</Filter>
    </ClInclude>
    <ClInclude Include="preflate_parser_config.h">
      <Filter>Header Files</Filter>
    </ClInclude>
    <ClInclude Include="preflate_predictor_state.h">
      <Filter>Header Files</Filter>
    </ClInclude>
    <ClInclude Include="preflate_reencoder.h">
      <Filter>Header Files</Filter>
    </ClInclude>
    <ClInclude Include="preflate_seq_chain.h">
      <Filter>Header Files</Filter>
    </ClInclude>
    <ClInclude Include="preflate_statistical_codec.h">
      <Filter>Header Files</Filter>
    </ClInclude>
    <ClInclude Include="preflate_statistical_model.h">
      <Filter>Header Files</Filter>
    </ClInclude>
    <ClInclude Include="preflate_token.h">
      <Filter>Header Files</Filter>
    </ClInclude>
    <ClInclude Include="preflate_token_predictor.h">
      <Filter>Header Files</Filter>
    </ClInclude>
    <ClInclude Include="preflate_tree_predictor.h">
      <Filter>Header Files</Filter>
    </ClInclude>
    <ClInclude Include="support\arithmetic_coder.h">
      <Filter>Header Files</Filter>
    </ClInclude>
    <ClInclude Include="support\array_helper.h">
      <Filter>Header Files</Filter>
    </ClInclude>
    <ClInclude Include="support\bit_helper.h">
      <Filter>Header Files</Filter>
    </ClInclude>
    <ClInclude Include="support\bitstream.h">
      <Filter>Header Files</Filter>
    </ClInclude>
    <ClInclude Include="support\const_division.h">
      <Filter>Header Files</Filter>
    </ClInclude>
    <ClInclude Include="support\filestream.h">
      <Filter>Header Files</Filter>
    </ClInclude>
    <ClInclude Include="support\huffman_decoder.h">
      <Filter>Header Files</Filter>
    </ClInclude>
    <ClInclude Include="support\huffman_encoder.h">
      <Filter>Header Files</Filter>
    </ClInclude>
    <ClInclude Include="support\huffman_helper.h">
      <Filter>Header Files</Filter>
    </ClInclude>
    <ClInclude Include="support\memstream.h">
      <Filter>Header Files</Filter>
    </ClInclude>
    <ClInclude Include="support\outputcachestream.h">
      <Filter>Header Files</Filter>
    </ClInclude>
    <ClInclude Include="support\stream.h">
      <Filter>Header Files</Filter>
    </ClInclude>
    <ClInclude Include="support\support_tests.h">
      <Filter>Header Files</Filter>
    </ClInclude>
    <ClInclude Include="support\task_pool.h">
      <Filter>Header Files</Filter>
    </ClInclude>
  </ItemGroup>
  <ItemGroup>
    <ClCompile Include="dllmain.cpp">
      <Filter>Source Files</Filter>
    </ClCompile>
    <ClCompile Include="pch.cpp">
      <Filter>Source Files</Filter>
    </ClCompile>
    <ClCompile Include="preflate_block_decoder.cpp">
      <Filter>Source Files</Filter>
    </ClCompile>
    <ClCompile Include="preflate_block_reencoder.cpp">
      <Filter>Source Files</Filter>
    </ClCompile>
    <ClCompile Include="preflate_block_trees.cpp">
      <Filter>Source Files</Filter>
    </ClCompile>
    <ClCompile Include="preflate_checker.cpp">
      <Filter>Source Files</Filter>
    </ClCompile>
    <ClCompile Include="preflate_complevel_estimator.cpp">
      <Filter>Source Files</Filter>
    </ClCompile>
    <ClCompile Include="preflate_constants.cpp">
      <Filter>Source Files</Filter>
    </ClCompile>
    <ClCompile Include="preflate_decoder.cpp">
      <Filter>Source Files</Filter>
    </ClCompile>
    <ClCompile Include="preflate_hash_chain.cpp">
      <Filter>Source Files</Filter>
    </ClCompile>
    <ClCompile Include="preflate_info.cpp">
      <Filter>Source Files</Filter>
    </ClCompile>
    <ClCompile Include="preflate_parameter_estimator.cpp">
      <Filter>Source Files</Filter>
    </ClCompile>
    <ClCompile Include="preflate_parser_config.cpp">
      <Filter>Source Files</Filter>
    </ClCompile>
    <ClCompile Include="preflate_predictor_state.cpp">
      <Filter>Source Files</Filter>
    </ClCompile>
    <ClCompile Include="preflate_reencoder.cpp">
      <Filter>Source Files</Filter>
    </ClCompile>
    <ClCompile Include="preflate_seq_chain.cpp">
      <Filter>Source Files</Filter>
    </ClCompile>
    <ClCompile Include="preflate_statistical_codec.cpp">
      <Filter>Source Files</Filter>
    </ClCompile>
    <ClCompile Include="preflate_statistical_debug.cpp">
      <Filter>Source Files</Filter>
    </ClCompile>
    <ClCompile Include="preflate_statistical_model.cpp">
      <Filter>Source Files</Filter>
    </ClCompile>
    <ClCompile Include="preflate_token.cpp">
      <Filter>Source Files</Filter>
    </ClCompile>
    <ClCompile Include="preflate_token_predictor.cpp">
      <Filter>Source Files</Filter>
    </ClCompile>
    <ClCompile Include="preflate_tree_predictor.cpp">
      <Filter>Source Files</Filter>
    </ClCompile>
    <ClCompile Include="support\arithmetic_coder.cpp">
      <Filter>Source Files</Filter>
    </ClCompile>
    <ClCompile Include="support\array_helper.cpp">
      <Filter>Source Files</Filter>
    </ClCompile>
    <ClCompile Include="support\bit_helper.cpp">
      <Filter>Source Files</Filter>
    </ClCompile>
    <ClCompile Include="support\bitstream.cpp">
      <Filter>Source Files</Filter>
    </ClCompile>
    <ClCompile Include="support\const_division.cpp">
      <Filter>Source Files</Filter>
    </ClCompile>
    <ClCompile Include="support\filestream.cpp">
      <Filter>Source Files</Filter>
    </ClCompile>
    <ClCompile Include="support\huffman_decoder.cpp">
      <Filter>Source Files</Filter>
    </ClCompile>
    <ClCompile Include="support\huffman_encoder.cpp">
      <Filter>Source Files</Filter>
    </ClCompile>
    <ClCompile Include="support\huffman_helper.cpp">
      <Filter>Source Files</Filter>
    </ClCompile>
    <ClCompile Include="support\memstream.cpp">
      <Filter>Source Files</Filter>
    </ClCompile>
    <ClCompile Include="support\outputcachestream.cpp">
      <Filter>Source Files</Filter>
    </ClCompile>
    <ClCompile Include="support\support_tests.cpp">
      <Filter>Source Files</Filter>
    </ClCompile>
    <ClCompile Include="support\task_pool.cpp">
      <Filter>Source Files</Filter>
    </ClCompile>
  </ItemGroup>
</Project>